// !$*UTF8*$!
{
	archiveVersion = 1;
	classes = {
	};
	objectVersion = 77;
	objects = {

/* Begin PBXBuildFile section */
		000584392F5D712600A32ED1 /* WhisperKit in Frameworks */ = {isa = PBXBuildFile; productRef = AA110001AA110001AA110001 /* WhisperKit */; };
		BB110003BB110003BB110003 /* ZIPFoundation in Frameworks */ = {isa = PBXBuildFile; productRef = BB110001BB110001BB110001 /* ZIPFoundation */; };
		CC000021CC000021CC000021 /* WhisperModels/openai_whisper-tiny in Resources */ = {isa = PBXBuildFile; fileRef = CC000011CC000011CC000011 /* WhisperModels/openai_whisper-tiny */; };
		CC000022CC000022CC000022 /* WhisperModels/openai_whisper-base in Resources */ = {isa = PBXBuildFile; fileRef = CC000012CC000012CC000012 /* WhisperModels/openai_whisper-base */; };
		CC000023CC000023CC000023 /* WhisperModels/openai_whisper-medium in Resources */ = {isa = PBXBuildFile; fileRef = CC000013CC000013CC000013 /* WhisperModels/openai_whisper-medium */; };
/* End PBXBuildFile section */

/* Begin PBXContainerItemProxy section */
		00E708682F5C63B1000FB47F /* PBXContainerItemProxy */ = {
			isa = PBXContainerItemProxy;
			containerPortal = 00E708522F5C63AF000FB47F /* Project object */;
			proxyType = 1;
			remoteGlobalIDString = 00E708592F5C63AF000FB47F;
			remoteInfo = YomiPlay;
		};
		00E708722F5C63B1000FB47F /* PBXContainerItemProxy */ = {
			isa = PBXContainerItemProxy;
			containerPortal = 00E708522F5C63AF000FB47F /* Project object */;
			proxyType = 1;
			remoteGlobalIDString = 00E708592F5C63AF000FB47F;
			remoteInfo = YomiPlay;
		};
/* End PBXContainerItemProxy section */

/* Begin PBXFileReference section */
		00E7085A2F5C63AF000FB47F /* YomiPlay.app */ = {isa = PBXFileReference; explicitFileType = wrapper.application; includeInIndex = 0; path = YomiPlay.app; sourceTree = BUILT_PRODUCTS_DIR; };
		00E708672F5C63B1000FB47F /* YomiPlayTests.xctest */ = {isa = PBXFileReference; explicitFileType = wrapper.cfbundle; includeInIndex = 0; path = YomiPlayTests.xctest; sourceTree = BUILT_PRODUCTS_DIR; };
		00E708712F5C63B1000FB47F /* YomiPlayUITests.xctest */ = {isa = PBXFileReference; explicitFileType = wrapper.cfbundle; includeInIndex = 0; path = YomiPlayUITests.xctest; sourceTree = BUILT_PRODUCTS_DIR; };
		CC000011CC000011CC000011 /* WhisperModels/openai_whisper-tiny */ = {isa = PBXFileReference; lastKnownFileType = folder; path = "WhisperModels/openai_whisper-tiny"; sourceTree = "<group>"; };
		CC000012CC000012CC000012 /* WhisperModels/openai_whisper-base */ = {isa = PBXFileReference; lastKnownFileType = folder; path = "WhisperModels/openai_whisper-base"; sourceTree = "<group>"; };
		CC000013CC000013CC000013 /* WhisperModels/openai_whisper-medium */ = {isa = PBXFileReference; lastKnownFileType = folder; path = "WhisperModels/openai_whisper-medium"; sourceTree = "<group>"; };
/* End PBXFileReference section */

/* Begin PBXFileSystemSynchronizedRootGroup section */
		00E7085C2F5C63AF000FB47F /* YomiPlay */ = {
			isa = PBXFileSystemSynchronizedRootGroup;
			path = YomiPlay;
			sourceTree = "<group>";
		};
		00E7086A2F5C63B1000FB47F /* YomiPlayTests */ = {
			isa = PBXFileSystemSynchronizedRootGroup;
			path = YomiPlayTests;
			sourceTree = "<group>";
		};
		00E708742F5C63B1000FB47F /* YomiPlayUITests */ = {
			isa = PBXFileSystemSynchronizedRootGroup;
			path = YomiPlayUITests;
			sourceTree = "<group>";
		};
/* End PBXFileSystemSynchronizedRootGroup section */

/* Begin PBXFrameworksBuildPhase section */
		00E708572F5C63AF000FB47F /* Frameworks */ = {
			isa = PBXFrameworksBuildPhase;
			buildActionMask = 2147483647;
			files = (
				000584392F5D712600A32ED1 /* WhisperKit in Frameworks */,
				BB110003BB110003BB110003 /* ZIPFoundation in Frameworks */,
			);
			runOnlyForDeploymentPostprocessing = 0;
		};
		00E708642F5C63B1000FB47F /* Frameworks */ = {
			isa = PBXFrameworksBuildPhase;
			buildActionMask = 2147483647;
			files = (
			);
			runOnlyForDeploymentPostprocessing = 0;
		};
		00E7086E2F5C63B1000FB47F /* Frameworks */ = {
			isa = PBXFrameworksBuildPhase;
			buildActionMask = 2147483647;
			files = (
			);
			runOnlyForDeploymentPostprocessing = 0;
		};
/* End PBXFrameworksBuildPhase section */

/* Begin PBXGroup section */
		008BC87B2F6C4F1F003B9D58 /* Recovered References */ = {
			isa = PBXGroup;
			children = (
				CC000011CC000011CC000011 /* WhisperModels/openai_whisper-tiny */,
				CC000012CC000012CC000012 /* WhisperModels/openai_whisper-base */,
				CC000013CC000013CC000013 /* WhisperModels/openai_whisper-medium */,
			);
			name = "Recovered References";
			sourceTree = "<group>";
		};
		00E708512F5C63AF000FB47F = {
			isa = PBXGroup;
			children = (
				00E7085C2F5C63AF000FB47F /* YomiPlay */,
				00E7086A2F5C63B1000FB47F /* YomiPlayTests */,
				00E708742F5C63B1000FB47F /* YomiPlayUITests */,
				00E7085B2F5C63AF000FB47F /* Products */,
				008BC87B2F6C4F1F003B9D58 /* Recovered References */,
			);
			sourceTree = "<group>";
		};
		00E7085B2F5C63AF000FB47F /* Products */ = {
			isa = PBXGroup;
			children = (
				00E7085A2F5C63AF000FB47F /* YomiPlay.app */,
				00E708672F5C63B1000FB47F /* YomiPlayTests.xctest */,
				00E708712F5C63B1000FB47F /* YomiPlayUITests.xctest */,
			);
			name = Products;
			sourceTree = "<group>";
		};
/* End PBXGroup section */

/* Begin PBXNativeTarget section */
		00E708592F5C63AF000FB47F /* YomiPlay */ = {
			isa = PBXNativeTarget;
			buildConfigurationList = 00E7087B2F5C63B1000FB47F /* Build configuration list for PBXNativeTarget "YomiPlay" */;
			buildPhases = (
				00E708562F5C63AF000FB47F /* Sources */,
				00E708572F5C63AF000FB47F /* Frameworks */,
				00E708582F5C63AF000FB47F /* Resources */,
			);
			buildRules = (
			);
			dependencies = (
			);
			fileSystemSynchronizedGroups = (
				00E7085C2F5C63AF000FB47F /* YomiPlay */,
			);
			name = YomiPlay;
			packageProductDependencies = (
				AA110001AA110001AA110001 /* WhisperKit */,
				BB110001BB110001BB110001 /* ZIPFoundation */,
			);
			productName = YomiPlay;
			productReference = 00E7085A2F5C63AF000FB47F /* YomiPlay.app */;
			productType = "com.apple.product-type.application";
		};
		00E708662F5C63B1000FB47F /* YomiPlayTests */ = {
			isa = PBXNativeTarget;
			buildConfigurationList = 00E7087E2F5C63B1000FB47F /* Build configuration list for PBXNativeTarget "YomiPlayTests" */;
			buildPhases = (
				00E708632F5C63B1000FB47F /* Sources */,
				00E708642F5C63B1000FB47F /* Frameworks */,
				00E708652F5C63B1000FB47F /* Resources */,
			);
			buildRules = (
			);
			dependencies = (
				00E708692F5C63B1000FB47F /* PBXTargetDependency */,
			);
			fileSystemSynchronizedGroups = (
				00E7086A2F5C63B1000FB47F /* YomiPlayTests */,
			);
			name = YomiPlayTests;
			packageProductDependencies = (
			);
			productName = YomiPlayTests;
			productReference = 00E708672F5C63B1000FB47F /* YomiPlayTests.xctest */;
			productType = "com.apple.product-type.bundle.unit-test";
		};
		00E708702F5C63B1000FB47F /* YomiPlayUITests */ = {
			isa = PBXNativeTarget;
			buildConfigurationList = 00E708812F5C63B1000FB47F /* Build configuration list for PBXNativeTarget "YomiPlayUITests" */;
			buildPhases = (
				00E7086D2F5C63B1000FB47F /* Sources */,
				00E7086E2F5C63B1000FB47F /* Frameworks */,
				00E7086F2F5C63B1000FB47F /* Resources */,
			);
			buildRules = (
			);
			dependencies = (
				00E708732F5C63B1000FB47F /* PBXTargetDependency */,
			);
			fileSystemSynchronizedGroups = (
				00E708742F5C63B1000FB47F /* YomiPlayUITests */,
			);
			name = YomiPlayUITests;
			packageProductDependencies = (
			);
			productName = YomiPlayUITests;
			productReference = 00E708712F5C63B1000FB47F /* YomiPlayUITests.xctest */;
			productType = "com.apple.product-type.bundle.ui-testing";
		};
/* End PBXNativeTarget section */

/* Begin PBXProject section */
		00E708522F5C63AF000FB47F /* Project object */ = {
			isa = PBXProject;
			attributes = {
				BuildIndependentTargetsInParallel = 1;
				LastSwiftUpdateCheck = 2610;
				LastUpgradeCheck = 2610;
				TargetAttributes = {
					00E708592F5C63AF000FB47F = {
						CreatedOnToolsVersion = 26.1.1;
					};
					00E708662F5C63B1000FB47F = {
						CreatedOnToolsVersion = 26.1.1;
						TestTargetID = 00E708592F5C63AF000FB47F;
					};
					00E708702F5C63B1000FB47F = {
						CreatedOnToolsVersion = 26.1.1;
						TestTargetID = 00E708592F5C63AF000FB47F;
					};
				};
			};
			buildConfigurationList = 00E708552F5C63AF000FB47F /* Build configuration list for PBXProject "YomiPlay" */;
			developmentRegion = "zh-Hans";
			hasScannedForEncodings = 0;
			knownRegions = (
				en,
				Base,
				"zh-Hans",
				"zh-Hant",
				ja,
			);
			mainGroup = 00E708512F5C63AF000FB47F;
			minimizedProjectReferenceProxies = 1;
			packageReferences = (
				AA110002AA110002AA110002 /* XCRemoteSwiftPackageReference "WhisperKit" */,
				BB110002BB110002BB110002 /* XCRemoteSwiftPackageReference "ZIPFoundation" */,
			);
			preferredProjectObjectVersion = 77;
			productRefGroup = 00E7085B2F5C63AF000FB47F /* Products */;
			projectDirPath = "";
			projectRoot = "";
			targets = (
				00E708592F5C63AF000FB47F /* YomiPlay */,
				00E708662F5C63B1000FB47F /* YomiPlayTests */,
				00E708702F5C63B1000FB47F /* YomiPlayUITests */,
			);
		};
/* End PBXProject section */

/* Begin PBXResourcesBuildPhase section */
		00E708582F5C63AF000FB47F /* Resources */ = {
			isa = PBXResourcesBuildPhase;
			buildActionMask = 2147483647;
			files = (
				CC000021CC000021CC000021 /* WhisperModels/openai_whisper-tiny in Resources */,
				CC000022CC000022CC000022 /* WhisperModels/openai_whisper-base in Resources */,
				CC000023CC000023CC000023 /* WhisperModels/openai_whisper-medium in Resources */,
			);
			runOnlyForDeploymentPostprocessing = 0;
		};
		00E708652F5C63B1000FB47F /* Resources */ = {
			isa = PBXResourcesBuildPhase;
			buildActionMask = 2147483647;
			files = (
			);
			runOnlyForDeploymentPostprocessing = 0;
		};
		00E7086F2F5C63B1000FB47F /* Resources */ = {
			isa = PBXResourcesBuildPhase;
			buildActionMask = 2147483647;
			files = (
			);
			runOnlyForDeploymentPostprocessing = 0;
		};
/* End PBXResourcesBuildPhase section */

/* Begin PBXSourcesBuildPhase section */
		00E708562F5C63AF000FB47F /* Sources */ = {
			isa = PBXSourcesBuildPhase;
			buildActionMask = 2147483647;
			files = (
			);
			runOnlyForDeploymentPostprocessing = 0;
		};
		00E708632F5C63B1000FB47F /* Sources */ = {
			isa = PBXSourcesBuildPhase;
			buildActionMask = 2147483647;
			files = (
			);
			runOnlyForDeploymentPostprocessing = 0;
		};
		00E7086D2F5C63B1000FB47F /* Sources */ = {
			isa = PBXSourcesBuildPhase;
			buildActionMask = 2147483647;
			files = (
			);
			runOnlyForDeploymentPostprocessing = 0;
		};
/* End PBXSourcesBuildPhase section */

/* Begin PBXTargetDependency section */
		00E708692F5C63B1000FB47F /* PBXTargetDependency */ = {
			isa = PBXTargetDependency;
			target = 00E708592F5C63AF000FB47F /* YomiPlay */;
			targetProxy = 00E708682F5C63B1000FB47F /* PBXContainerItemProxy */;
		};
		00E708732F5C63B1000FB47F /* PBXTargetDependency */ = {
			isa = PBXTargetDependency;
			target = 00E708592F5C63AF000FB47F /* YomiPlay */;
			targetProxy = 00E708722F5C63B1000FB47F /* PBXContainerItemProxy */;
		};
/* End PBXTargetDependency section */

/* Begin XCBuildConfiguration section */
		00E708792F5C63B1000FB47F /* Debug */ = {
			isa = XCBuildConfiguration;
			buildSettings = {
				ALWAYS_SEARCH_USER_PATHS = NO;
				ASSETCATALOG_COMPILER_GENERATE_SWIFT_ASSET_SYMBOL_EXTENSIONS = YES;
				CLANG_ANALYZER_NONNULL = YES;
				CLANG_ANALYZER_NUMBER_OBJECT_CONVERSION = YES_AGGRESSIVE;
				CLANG_CXX_LANGUAGE_STANDARD = "gnu++20";
				CLANG_ENABLE_MODULES = YES;
				CLANG_ENABLE_OBJC_ARC = YES;
				CLANG_ENABLE_OBJC_WEAK = YES;
				CLANG_WARN_BLOCK_CAPTURE_AUTORELEASING = YES;
				CLANG_WARN_BOOL_CONVERSION = YES;
				CLANG_WARN_COMMA = YES;
				CLANG_WARN_CONSTANT_CONVERSION = YES;
				CLANG_WARN_DEPRECATED_OBJC_IMPLEMENTATIONS = YES;
				CLANG_WARN_DIRECT_OBJC_ISA_USAGE = YES_ERROR;
				CLANG_WARN_DOCUMENTATION_COMMENTS = YES;
				CLANG_WARN_EMPTY_BODY = YES;
				CLANG_WARN_ENUM_CONVERSION = YES;
				CLANG_WARN_INFINITE_RECURSION = YES;
				CLANG_WARN_INT_CONVERSION = YES;
				CLANG_WARN_NON_LITERAL_NULL_CONVERSION = YES;
				CLANG_WARN_OBJC_IMPLICIT_RETAIN_SELF = YES;
				CLANG_WARN_OBJC_LITERAL_CONVERSION = YES;
				CLANG_WARN_OBJC_ROOT_CLASS = YES_ERROR;
				CLANG_WARN_QUOTED_INCLUDE_IN_FRAMEWORK_HEADER = YES;
				CLANG_WARN_RANGE_LOOP_ANALYSIS = YES;
				CLANG_WARN_STRICT_PROTOTYPES = YES;
				CLANG_WARN_SUSPICIOUS_MOVE = YES;
				CLANG_WARN_UNGUARDED_AVAILABILITY = YES_AGGRESSIVE;
				CLANG_WARN_UNREACHABLE_CODE = YES;
				CLANG_WARN__DUPLICATE_METHOD_MATCH = YES;
				COPY_PHASE_STRIP = NO;
				DEBUG_INFORMATION_FORMAT = dwarf;
				DEVELOPMENT_TEAM = R2WXVAJJQR;
				ENABLE_STRICT_OBJC_MSGSEND = YES;
				ENABLE_TESTABILITY = YES;
				ENABLE_USER_SCRIPT_SANDBOXING = YES;
				GCC_C_LANGUAGE_STANDARD = gnu17;
				GCC_DYNAMIC_NO_PIC = NO;
				GCC_NO_COMMON_BLOCKS = YES;
				GCC_OPTIMIZATION_LEVEL = 0;
				GCC_PREPROCESSOR_DEFINITIONS = (
					"DEBUG=1",
					"$(inherited)",
				);
				GCC_WARN_64_TO_32_BIT_CONVERSION = YES;
				GCC_WARN_ABOUT_RETURN_TYPE = YES_ERROR;
				GCC_WARN_UNDECLARED_SELECTOR = YES;
				GCC_WARN_UNINITIALIZED_AUTOS = YES_AGGRESSIVE;
				GCC_WARN_UNUSED_FUNCTION = YES;
				GCC_WARN_UNUSED_VARIABLE = YES;
				IPHONEOS_DEPLOYMENT_TARGET = 26.1;
				LOCALIZATION_PREFERS_STRING_CATALOGS = YES;
				MTL_ENABLE_DEBUG_INFO = INCLUDE_SOURCE;
				MTL_FAST_MATH = YES;
				ONLY_ACTIVE_ARCH = YES;
				SDKROOT = iphoneos;
				SWIFT_ACTIVE_COMPILATION_CONDITIONS = "DEBUG $(inherited)";
				SWIFT_OPTIMIZATION_LEVEL = "-Onone";
			};
			name = Debug;
		};
		00E7087A2F5C63B1000FB47F /* Release */ = {
			isa = XCBuildConfiguration;
			buildSettings = {
				ALWAYS_SEARCH_USER_PATHS = NO;
				ASSETCATALOG_COMPILER_GENERATE_SWIFT_ASSET_SYMBOL_EXTENSIONS = YES;
				CLANG_ANALYZER_NONNULL = YES;
				CLANG_ANALYZER_NUMBER_OBJECT_CONVERSION = YES_AGGRESSIVE;
				CLANG_CXX_LANGUAGE_STANDARD = "gnu++20";
				CLANG_ENABLE_MODULES = YES;
				CLANG_ENABLE_OBJC_ARC = YES;
				CLANG_ENABLE_OBJC_WEAK = YES;
				CLANG_WARN_BLOCK_CAPTURE_AUTORELEASING = YES;
				CLANG_WARN_BOOL_CONVERSION = YES;
				CLANG_WARN_COMMA = YES;
				CLANG_WARN_CONSTANT_CONVERSION = YES;
				CLANG_WARN_DEPRECATED_OBJC_IMPLEMENTATIONS = YES;
				CLANG_WARN_DIRECT_OBJC_ISA_USAGE = YES_ERROR;
				CLANG_WARN_DOCUMENTATION_COMMENTS = YES;
				CLANG_WARN_EMPTY_BODY = YES;
				CLANG_WARN_ENUM_CONVERSION = YES;
				CLANG_WARN_INFINITE_RECURSION = YES;
				CLANG_WARN_INT_CONVERSION = YES;
				CLANG_WARN_NON_LITERAL_NULL_CONVERSION = YES;
				CLANG_WARN_OBJC_IMPLICIT_RETAIN_SELF = YES;
				CLANG_WARN_OBJC_LITERAL_CONVERSION = YES;
				CLANG_WARN_OBJC_ROOT_CLASS = YES_ERROR;
				CLANG_WARN_QUOTED_INCLUDE_IN_FRAMEWORK_HEADER = YES;
				CLANG_WARN_RANGE_LOOP_ANALYSIS = YES;
				CLANG_WARN_STRICT_PROTOTYPES = YES;
				CLANG_WARN_SUSPICIOUS_MOVE = YES;
				CLANG_WARN_UNGUARDED_AVAILABILITY = YES_AGGRESSIVE;
				CLANG_WARN_UNREACHABLE_CODE = YES;
				CLANG_WARN__DUPLICATE_METHOD_MATCH = YES;
				COPY_PHASE_STRIP = NO;
				DEBUG_INFORMATION_FORMAT = "dwarf-with-dsym";
				DEVELOPMENT_TEAM = R2WXVAJJQR;
				ENABLE_NS_ASSERTIONS = NO;
				ENABLE_STRICT_OBJC_MSGSEND = YES;
				ENABLE_USER_SCRIPT_SANDBOXING = YES;
				GCC_C_LANGUAGE_STANDARD = gnu17;
				GCC_NO_COMMON_BLOCKS = YES;
				GCC_WARN_64_TO_32_BIT_CONVERSION = YES;
				GCC_WARN_ABOUT_RETURN_TYPE = YES_ERROR;
				GCC_WARN_UNDECLARED_SELECTOR = YES;
				GCC_WARN_UNINITIALIZED_AUTOS = YES_AGGRESSIVE;
				GCC_WARN_UNUSED_FUNCTION = YES;
				GCC_WARN_UNUSED_VARIABLE = YES;
				IPHONEOS_DEPLOYMENT_TARGET = 26.1;
				LOCALIZATION_PREFERS_STRING_CATALOGS = YES;
				MTL_ENABLE_DEBUG_INFO = NO;
				MTL_FAST_MATH = YES;
				SDKROOT = iphoneos;
				SWIFT_COMPILATION_MODE = wholemodule;
				VALIDATE_PRODUCT = YES;
			};
			name = Release;
		};
		00E7087C2F5C63B1000FB47F /* Debug */ = {
			isa = XCBuildConfiguration;
			buildSettings = {
				ASSETCATALOG_COMPILER_APPICON_NAME = AppIcon;
				ASSETCATALOG_COMPILER_GLOBAL_ACCENT_COLOR_NAME = AccentColor;
				ASSETCATALOG_COMPILER_INCLUDE_ALL_APPICON_ASSETS = YES;
				CODE_SIGN_STYLE = Automatic;
				CURRENT_PROJECT_VERSION = 5;
				DEVELOPMENT_TEAM = R2WXVAJJQR;
				ENABLE_PREVIEWS = YES;
				GENERATE_INFOPLIST_FILE = NO;
				INFOPLIST_FILE = Info.plist;
				INFOPLIST_KEY_CFBundleDisplayName = YomiPlay;
				INFOPLIST_KEY_LSApplicationCategoryType = "public.app-category.education";
				IPHONEOS_DEPLOYMENT_TARGET = 17.6;
				LD_RUNPATH_SEARCH_PATHS = (
					"$(inherited)",
					"@executable_path/Frameworks",
				);
				MARKETING_VERSION = 1.0;
				PRODUCT_BUNDLE_IDENTIFIER = com.dogiant.yomiplay;
				PRODUCT_NAME = "$(TARGET_NAME)";
				STRING_CATALOG_GENERATE_SYMBOLS = YES;
				SWIFT_APPROACHABLE_CONCURRENCY = YES;
				SWIFT_DEFAULT_ACTOR_ISOLATION = MainActor;
				SWIFT_EMIT_LOC_STRINGS = YES;
				SWIFT_UPCOMING_FEATURE_MEMBER_IMPORT_VISIBILITY = YES;
				SWIFT_VERSION = 5.0;
				TARGETED_DEVICE_FAMILY = "1,2";
			};
			name = Debug;
		};
		00E7087D2F5C63B1000FB47F /* Release */ = {
			isa = XCBuildConfiguration;
			buildSettings = {
				ASSETCATALOG_COMPILER_APPICON_NAME = AppIcon;
				ASSETCATALOG_COMPILER_GLOBAL_ACCENT_COLOR_NAME = AccentColor;
				ASSETCATALOG_COMPILER_INCLUDE_ALL_APPICON_ASSETS = YES;
				CODE_SIGN_STYLE = Automatic;
				CURRENT_PROJECT_VERSION = 5;
				DEVELOPMENT_TEAM = R2WXVAJJQR;
				ENABLE_PREVIEWS = YES;
				GENERATE_INFOPLIST_FILE = NO;
				INFOPLIST_FILE = Info.plist;
				INFOPLIST_KEY_CFBundleDisplayName = YomiPlay;
				INFOPLIST_KEY_LSApplicationCategoryType = "public.app-category.education";
				IPHONEOS_DEPLOYMENT_TARGET = 17.6;
				LD_RUNPATH_SEARCH_PATHS = (
					"$(inherited)",
					"@executable_path/Frameworks",
				);
				MARKETING_VERSION = 1.0;
				PRODUCT_BUNDLE_IDENTIFIER = com.dogiant.yomiplay;
				PRODUCT_NAME = "$(TARGET_NAME)";
				STRING_CATALOG_GENERATE_SYMBOLS = YES;
				SWIFT_APPROACHABLE_CONCURRENCY = YES;
				SWIFT_DEFAULT_ACTOR_ISOLATION = MainActor;
				SWIFT_EMIT_LOC_STRINGS = YES;
				SWIFT_UPCOMING_FEATURE_MEMBER_IMPORT_VISIBILITY = YES;
				SWIFT_VERSION = 5.0;
				TARGETED_DEVICE_FAMILY = "1,2";
			};
			name = Release;
		};
		00E7087F2F5C63B1000FB47F /* Debug */ = {
			isa = XCBuildConfiguration;
			buildSettings = {
				BUNDLE_LOADER = "$(TEST_HOST)";
				CODE_SIGN_STYLE = Automatic;
				CURRENT_PROJECT_VERSION = 1;
				DEVELOPMENT_TEAM = R2WXVAJJQR;
				GENERATE_INFOPLIST_FILE = YES;
				IPHONEOS_DEPLOYMENT_TARGET = 26.1;
				MARKETING_VERSION = 1.0;
				PRODUCT_BUNDLE_IDENTIFIER = com.dogiant.YomiPlayTests;
				PRODUCT_NAME = "$(TARGET_NAME)";
				STRING_CATALOG_GENERATE_SYMBOLS = NO;
				SWIFT_APPROACHABLE_CONCURRENCY = YES;
				SWIFT_EMIT_LOC_STRINGS = NO;
				SWIFT_UPCOMING_FEATURE_MEMBER_IMPORT_VISIBILITY = YES;
				SWIFT_VERSION = 5.0;
				TARGETED_DEVICE_FAMILY = "1,2";
				TEST_HOST = "$(BUILT_PRODUCTS_DIR)/YomiPlay.app/$(BUNDLE_EXECUTABLE_FOLDER_PATH)/YomiPlay";
			};
			name = Debug;
		};
		00E708802F5C63B1000FB47F /* Release */ = {
			isa = XCBuildConfiguration;
			buildSettings = {
				BUNDLE_LOADER = "$(TEST_HOST)";
				CODE_SIGN_STYLE = Automatic;
				CURRENT_PROJECT_VERSION = 1;
				DEVELOPMENT_TEAM = R2WXVAJJQR;
				GENERATE_INFOPLIST_FILE = YES;
				IPHONEOS_DEPLOYMENT_TARGET = 26.1;
				MARKETING_VERSION = 1.0;
				PRODUCT_BUNDLE_IDENTIFIER = com.dogiant.YomiPlayTests;
				PRODUCT_NAME = "$(TARGET_NAME)";
				STRING_CATALOG_GENERATE_SYMBOLS = NO;
				SWIFT_APPROACHABLE_CONCURRENCY = YES;
				SWIFT_EMIT_LOC_STRINGS = NO;
				SWIFT_UPCOMING_FEATURE_MEMBER_IMPORT_VISIBILITY = YES;
				SWIFT_VERSION = 5.0;
				TARGETED_DEVICE_FAMILY = "1,2";
				TEST_HOST = "$(BUILT_PRODUCTS_DIR)/YomiPlay.app/$(BUNDLE_EXECUTABLE_FOLDER_PATH)/YomiPlay";
			};
			name = Release;
		};
		00E708822F5C63B1000FB47F /* Debug */ = {
			isa = XCBuildConfiguration;
			buildSettings = {
				CODE_SIGN_STYLE = Automatic;
				CURRENT_PROJECT_VERSION = 1;
				DEVELOPMENT_TEAM = R2WXVAJJQR;
				GENERATE_INFOPLIST_FILE = YES;
				MARKETING_VERSION = 1.0;
				PRODUCT_BUNDLE_IDENTIFIER = com.dogiant.YomiPlayUITests;
				PRODUCT_NAME = "$(TARGET_NAME)";
				STRING_CATALOG_GENERATE_SYMBOLS = NO;
				SWIFT_APPROACHABLE_CONCURRENCY = YES;
				SWIFT_EMIT_LOC_STRINGS = NO;
				SWIFT_UPCOMING_FEATURE_MEMBER_IMPORT_VISIBILITY = YES;
				SWIFT_VERSION = 5.0;
				TARGETED_DEVICE_FAMILY = "1,2";
				TEST_TARGET_NAME = YomiPlay;
			};
			name = Debug;
		};
		00E708832F5C63B1000FB47F /* Release */ = {
			isa = XCBuildConfiguration;
			buildSettings = {
				CODE_SIGN_STYLE = Automatic;
				CURRENT_PROJECT_VERSION = 1;
				DEVELOPMENT_TEAM = R2WXVAJJQR;
				GENERATE_INFOPLIST_FILE = YES;
				MARKETING_VERSION = 1.0;
				PRODUCT_BUNDLE_IDENTIFIER = com.dogiant.YomiPlayUITests;
				PRODUCT_NAME = "$(TARGET_NAME)";
				STRING_CATALOG_GENERATE_SYMBOLS = NO;
				SWIFT_APPROACHABLE_CONCURRENCY = YES;
				SWIFT_EMIT_LOC_STRINGS = NO;
				SWIFT_UPCOMING_FEATURE_MEMBER_IMPORT_VISIBILITY = YES;
				SWIFT_VERSION = 5.0;
				TARGETED_DEVICE_FAMILY = "1,2";
				TEST_TARGET_NAME = YomiPlay;
			};
			name = Release;
		};
/* End XCBuildConfiguration section */

/* Begin XCConfigurationList section */
		00E708552F5C63AF000FB47F /* Build configuration list for PBXProject "YomiPlay" */ = {
			isa = XCConfigurationList;
			buildConfigurations = (
				00E708792F5C63B1000FB47F /* Debug */,
				00E7087A2F5C63B1000FB47F /* Release */,
			);
			defaultConfigurationIsVisible = 0;
			defaultConfigurationName = Release;
		};
		00E7087B2F5C63B1000FB47F /* Build configuration list for PBXNativeTarget "YomiPlay" */ = {
			isa = XCConfigurationList;
			buildConfigurations = (
				00E7087C2F5C63B1000FB47F /* Debug */,
				00E7087D2F5C63B1000FB47F /* Release */,
			);
			defaultConfigurationIsVisible = 0;
			defaultConfigurationName = Release;
		};
		00E7087E2F5C63B1000FB47F /* Build configuration list for PBXNativeTarget "YomiPlayTests" */ = {
			isa = XCConfigurationList;
			buildConfigurations = (
				00E7087F2F5C63B1000FB47F /* Debug */,
				00E708802F5C63B1000FB47F /* Release */,
			);
			defaultConfigurationIsVisible = 0;
			defaultConfigurationName = Release;
		};
		00E708812F5C63B1000FB47F /* Build configuration list for PBXNativeTarget "YomiPlayUITests" */ = {
			isa = XCConfigurationList;
			buildConfigurations = (
				00E708822F5C63B1000FB47F /* Debug */,
				00E708832F5C63B1000FB47F /* Release */,
			);
			defaultConfigurationIsVisible = 0;
			defaultConfigurationName = Release;
		};
/* End XCConfigurationList section */

/* Begin XCRemoteSwiftPackageReference section */
		AA110002AA110002AA110002 /* XCRemoteSwiftPackageReference "WhisperKit" */ = {
			isa = XCRemoteSwiftPackageReference;
			repositoryURL = "https://github.com/argmaxinc/WhisperKit.git";
			requirement = {
				kind = upToNextMajorVersion;
				minimumVersion = 0.15.0;
			};
		};
		BB110002BB110002BB110002 /* XCRemoteSwiftPackageReference "ZIPFoundation" */ = {
			isa = XCRemoteSwiftPackageReference;
			repositoryURL = "https://github.com/weichsel/ZIPFoundation.git";
			requirement = {
				kind = upToNextMajorVersion;
				minimumVersion = 0.9.0;
			};
		};
/* End XCRemoteSwiftPackageReference section */

/* Begin XCSwiftPackageProductDependency section */
		AA110001AA110001AA110001 /* WhisperKit */ = {
			isa = XCSwiftPackageProductDependency;
			package = AA110002AA110002AA110002 /* XCRemoteSwiftPackageReference "WhisperKit" */;
			productName = WhisperKit;
		};
		BB110001BB110001BB110001 /* ZIPFoundation */ = {
			isa = XCSwiftPackageProductDependency;
			package = BB110002BB110002BB110002 /* XCRemoteSwiftPackageReference "ZIPFoundation" */;
			productName = ZIPFoundation;
		};
/* End XCSwiftPackageProductDependency section */
	};
	rootObject = 00E708522F5C63AF000FB47F /* Project object */;
}
